PODS:
  - AppAuth (1.3.0):
    - AppAuth/Core (= 1.3.0)
    - AppAuth/ExternalUserAgent (= 1.3.0)
  - AppAuth/Core (1.3.0)
  - AppAuth/ExternalUserAgent (1.3.0)
  - boost-for-react-native (1.63.0)
  - DoubleConversion (1.1.6)
  - FBSDKCoreKit (5.11.1):
    - FBSDKCoreKit/Basics (= 5.11.1)
    - FBSDKCoreKit/Core (= 5.11.1)
  - FBSDKCoreKit/Basics (5.11.1)
  - FBSDKCoreKit/Core (5.11.1):
    - FBSDKCoreKit/Basics
  - FBSDKLoginKit (5.11.1):
    - FBSDKLoginKit/Login (= 5.11.1)
  - FBSDKLoginKit/Login (5.11.1):
    - FBSDKCoreKit (~> 5.0)
  - FBSDKShareKit (5.11.1):
    - FBSDKShareKit/Share (= 5.11.1)
  - FBSDKShareKit/Share (5.11.1):
    - FBSDKCoreKit (~> 5.0)
  - Firebase/Auth (6.8.1):
    - Firebase/CoreOnly
    - FirebaseAuth (~> 6.2.3)
  - Firebase/Core (6.8.1):
    - Firebase/CoreOnly
    - FirebaseAnalytics (= 6.1.1)
  - Firebase/CoreOnly (6.8.1):
    - FirebaseCore (= 6.2.3)
  - Firebase/Messaging (6.8.1):
    - Firebase/CoreOnly
    - FirebaseMessaging (~> 4.1.4)
  - FirebaseAnalytics (6.1.1):
    - FirebaseCore (~> 6.2)
    - FirebaseInstanceID (~> 4.2)
    - GoogleAppMeasurement (= 6.1.1)
    - GoogleUtilities/AppDelegateSwizzler (~> 6.0)
    - GoogleUtilities/MethodSwizzler (~> 6.0)
    - GoogleUtilities/Network (~> 6.0)
    - "GoogleUtilities/NSData+zlib (~> 6.0)"
    - nanopb (~> 0.3)
  - FirebaseAnalyticsInterop (1.4.0)
  - FirebaseAuth (6.2.3):
    - FirebaseAuthInterop (~> 1.0)
    - FirebaseCore (~> 6.2)
    - GoogleUtilities/AppDelegateSwizzler (~> 6.2)
    - GoogleUtilities/Environment (~> 6.2)
    - GTMSessionFetcher/Core (~> 1.1)
  - FirebaseAuthInterop (1.0.0)
  - FirebaseCore (6.2.3):
    - FirebaseCoreDiagnostics (~> 1.0)
    - FirebaseCoreDiagnosticsInterop (~> 1.0)
    - GoogleUtilities/Environment (~> 6.2)
    - GoogleUtilities/Logger (~> 6.2)
  - FirebaseCoreDiagnostics (1.1.2):
    - FirebaseCoreDiagnosticsInterop (~> 1.0)
    - GoogleDataTransportCCTSupport (~> 1.0)
    - GoogleUtilities/Environment (~> 6.2)
    - GoogleUtilities/Logger (~> 6.2)
    - nanopb (~> 0.3.901)
  - FirebaseCoreDiagnosticsInterop (1.1.0)
  - FirebaseInstanceID (4.2.7):
    - FirebaseCore (~> 6.0)
    - GoogleUtilities/Environment (~> 6.0)
    - GoogleUtilities/UserDefaults (~> 6.0)
  - FirebaseMessaging (4.1.9):
    - FirebaseAnalyticsInterop (~> 1.3)
    - FirebaseCore (~> 6.2)
    - FirebaseInstanceID (~> 4.1)
    - GoogleUtilities/AppDelegateSwizzler (~> 6.2)
    - GoogleUtilities/Environment (~> 6.2)
    - GoogleUtilities/Reachability (~> 6.2)
    - GoogleUtilities/UserDefaults (~> 6.2)
    - Protobuf (>= 3.9.2, ~> 3.9)
  - Folly (2018.10.22.00):
    - boost-for-react-native
    - DoubleConversion
    - Folly/Default (= 2018.10.22.00)
    - glog
  - Folly/Default (2018.10.22.00):
    - boost-for-react-native
    - DoubleConversion
    - glog
  - glog (0.3.5)
  - GoogleAppMeasurement (6.1.1):
    - GoogleUtilities/AppDelegateSwizzler (~> 6.0)
    - GoogleUtilities/MethodSwizzler (~> 6.0)
    - GoogleUtilities/Network (~> 6.0)
    - "GoogleUtilities/NSData+zlib (~> 6.0)"
    - nanopb (~> 0.3)
  - GoogleDataTransport (3.2.0)
  - GoogleDataTransportCCTSupport (1.2.2):
    - GoogleDataTransport (~> 3.2)
    - nanopb (~> 0.3.901)
  - GoogleSignIn (5.0.2):
    - AppAuth (~> 1.2)
    - GTMAppAuth (~> 1.0)
    - GTMSessionFetcher/Core (~> 1.1)
  - GoogleUtilities/AppDelegateSwizzler (6.3.2):
    - GoogleUtilities/Environment
    - GoogleUtilities/Logger
    - GoogleUtilities/Network
  - GoogleUtilities/Environment (6.3.2)
  - GoogleUtilities/Logger (6.3.2):
    - GoogleUtilities/Environment
  - GoogleUtilities/MethodSwizzler (6.3.2):
    - GoogleUtilities/Logger
  - GoogleUtilities/Network (6.3.2):
    - GoogleUtilities/Logger
    - "GoogleUtilities/NSData+zlib"
    - GoogleUtilities/Reachability
  - "GoogleUtilities/NSData+zlib (6.3.2)"
  - GoogleUtilities/Reachability (6.3.2):
    - GoogleUtilities/Logger
  - GoogleUtilities/UserDefaults (6.3.2):
    - GoogleUtilities/Logger
  - GTMAppAuth (1.0.0):
    - AppAuth/Core (~> 1.0)
    - GTMSessionFetcher (~> 1.1)
  - GTMSessionFetcher (1.3.0):
    - GTMSessionFetcher/Full (= 1.3.0)
  - GTMSessionFetcher/Core (1.3.0)
  - GTMSessionFetcher/Full (1.3.0):
    - GTMSessionFetcher/Core (= 1.3.0)
  - nanopb (0.3.9011):
    - nanopb/decode (= 0.3.9011)
    - nanopb/encode (= 0.3.9011)
  - nanopb/decode (0.3.9011)
  - nanopb/encode (0.3.9011)
  - Protobuf (3.10.0)
  - QBImagePickerController (3.4.0)
  - RCTYouTube (2.0.0):
    - React
    - YoutubePlayer-in-WKWebView (~> 0.3.1)
  - React (0.60.0):
    - React-Core (= 0.60.0)
    - React-DevSupport (= 0.60.0)
    - React-RCTActionSheet (= 0.60.0)
    - React-RCTAnimation (= 0.60.0)
    - React-RCTBlob (= 0.60.0)
    - React-RCTImage (= 0.60.0)
    - React-RCTLinking (= 0.60.0)
    - React-RCTNetwork (= 0.60.0)
    - React-RCTSettings (= 0.60.0)
    - React-RCTText (= 0.60.0)
    - React-RCTVibration (= 0.60.0)
    - React-RCTWebSocket (= 0.60.0)
  - React-Core (0.60.0):
    - Folly (= 2018.10.22.00)
    - React-cxxreact (= 0.60.0)
    - React-jsiexecutor (= 0.60.0)
    - yoga (= 0.60.0.React)
  - React-cxxreact (0.60.0):
    - boost-for-react-native (= 1.63.0)
    - DoubleConversion
    - Folly (= 2018.10.22.00)
    - glog
    - React-jsinspector (= 0.60.0)
  - React-DevSupport (0.60.0):
    - React-Core (= 0.60.0)
    - React-RCTWebSocket (= 0.60.0)
  - React-fishhook (0.60.0)
  - React-jsi (0.60.0):
    - boost-for-react-native (= 1.63.0)
    - DoubleConversion
    - Folly (= 2018.10.22.00)
    - glog
    - React-jsi/Default (= 0.60.0)
  - React-jsi/Default (0.60.0):
    - boost-for-react-native (= 1.63.0)
    - DoubleConversion
    - Folly (= 2018.10.22.00)
    - glog
  - React-jsiexecutor (0.60.0):
    - DoubleConversion
    - Folly (= 2018.10.22.00)
    - glog
    - React-cxxreact (= 0.60.0)
    - React-jsi (= 0.60.0)
  - React-jsinspector (0.60.0)
  - react-native-fbsdk (1.0.4):
    - React
    - react-native-fbsdk/Core (= 1.0.4)
    - react-native-fbsdk/Login (= 1.0.4)
    - react-native-fbsdk/Share (= 1.0.4)
  - react-native-fbsdk/Core (1.0.4):
    - FBSDKCoreKit (~> 5.5)
    - React
  - react-native-fbsdk/Login (1.0.4):
    - FBSDKLoginKit (~> 5.5)
    - React
  - react-native-fbsdk/Share (1.0.4):
    - FBSDKShareKit (~> 5.5)
    - React
  - react-native-geolocation (2.0.2):
    - React
  - react-native-image-resizer (1.1.0):
    - React
  - react-native-maps (0.26.1):
    - React
  - react-native-video (5.0.2):
    - React
    - react-native-video/Video (= 5.0.2)
  - react-native-video/Video (5.0.2):
    - React
  - react-native-webview (8.0.0):
    - React
  - React-RCTActionSheet (0.60.0):
    - React-Core (= 0.60.0)
  - React-RCTAnimation (0.60.0):
    - React-Core (= 0.60.0)
  - React-RCTBlob (0.60.0):
    - React-Core (= 0.60.0)
    - React-RCTNetwork (= 0.60.0)
    - React-RCTWebSocket (= 0.60.0)
  - React-RCTImage (0.60.0):
    - React-Core (= 0.60.0)
    - React-RCTNetwork (= 0.60.0)
  - React-RCTLinking (0.60.0):
    - React-Core (= 0.60.0)
  - React-RCTNetwork (0.60.0):
    - React-Core (= 0.60.0)
  - React-RCTSettings (0.60.0):
    - React-Core (= 0.60.0)
  - React-RCTText (0.60.0):
    - React-Core (= 0.60.0)
  - React-RCTVibration (0.60.0):
    - React-Core (= 0.60.0)
  - React-RCTWebSocket (0.60.0):
    - React-Core (= 0.60.0)
    - React-fishhook (= 0.60.0)
  - rn-fetch-blob (0.11.2):
    - React-Core
  - RNAudioRecorderPlayer (2.4.3):
    - React
  - RNCAsyncStorage (1.6.2):
    - React
  - RNFBApp (6.0.1):
    - Firebase/Core (~> 6.8.1)
    - React
  - RNFBAuth (6.0.1):
    - Firebase/Auth (~> 6.8.1)
    - Firebase/Core (~> 6.8.1)
    - React
    - RNFBApp
  - RNFBMessaging (6.0.1):
    - Firebase/Messaging (~> 6.8.1)
    - React
    - RNFBApp
  - RNGestureHandler (1.4.1):
    - React
  - RNGoogleSignin (3.0.1):
    - GoogleSignIn (~> 5.0.0)
    - React
  - RNImageCropPicker (0.26.1):
    - QBImagePickerController
    - React-Core
    - React-RCTImage
    - RSKImageCropper
  - RNReanimated (1.3.0):
    - React
  - RNScreens (2.0.0-alpha.4):
    - React
  - RSKImageCropper (2.2.3)
  - yoga (0.60.0.React)
  - YoutubePlayer-in-WKWebView (0.3.4)

DEPENDENCIES:
  - DoubleConversion (from `../node_modules/react-native/third-party-podspecs/DoubleConversion.podspec`)
  - Folly (from `../node_modules/react-native/third-party-podspecs/Folly.podspec`)
  - glog (from `../node_modules/react-native/third-party-podspecs/glog.podspec`)
  - RCTYouTube (from `../node_modules/react-native-youtube`)
  - React (from `../node_modules/react-native/`)
  - React-Core (from `../node_modules/react-native/React`)
  - React-cxxreact (from `../node_modules/react-native/ReactCommon/cxxreact`)
  - React-DevSupport (from `../node_modules/react-native/React`)
  - React-fishhook (from `../node_modules/react-native/Libraries/fishhook`)
  - React-jsi (from `../node_modules/react-native/ReactCommon/jsi`)
  - React-jsiexecutor (from `../node_modules/react-native/ReactCommon/jsiexecutor`)
  - React-jsinspector (from `../node_modules/react-native/ReactCommon/jsinspector`)
  - react-native-fbsdk (from `../node_modules/react-native-fbsdk`)
  - "react-native-geolocation (from `../node_modules/@react-native-community/geolocation`)"
  - react-native-image-resizer (from `../node_modules/react-native-image-resizer`)
  - react-native-maps (from `../node_modules/react-native-maps`)
  - react-native-video (from `../node_modules/react-native-video`)
  - react-native-webview (from `../node_modules/react-native-webview`)
  - React-RCTActionSheet (from `../node_modules/react-native/Libraries/ActionSheetIOS`)
  - React-RCTAnimation (from `../node_modules/react-native/Libraries/NativeAnimation`)
  - React-RCTBlob (from `../node_modules/react-native/Libraries/Blob`)
  - React-RCTImage (from `../node_modules/react-native/Libraries/Image`)
  - React-RCTLinking (from `../node_modules/react-native/Libraries/LinkingIOS`)
  - React-RCTNetwork (from `../node_modules/react-native/Libraries/Network`)
  - React-RCTSettings (from `../node_modules/react-native/Libraries/Settings`)
  - React-RCTText (from `../node_modules/react-native/Libraries/Text`)
  - React-RCTVibration (from `../node_modules/react-native/Libraries/Vibration`)
  - React-RCTWebSocket (from `../node_modules/react-native/Libraries/WebSocket`)
  - rn-fetch-blob (from `../node_modules/rn-fetch-blob`)
  - RNAudioRecorderPlayer (from `../node_modules/react-native-audio-recorder-player`)
  - "RNCAsyncStorage (from `../node_modules/@react-native-community/async-storage`)"
  - "RNFBApp (from `../node_modules/@react-native-firebase/app`)"
  - "RNFBAuth (from `../node_modules/@react-native-firebase/auth`)"
  - "RNFBMessaging (from `../node_modules/@react-native-firebase/messaging`)"
  - RNGestureHandler (from `../node_modules/react-native-gesture-handler`)
  - "RNGoogleSignin (from `../node_modules/@react-native-community/google-signin`)"
  - RNImageCropPicker (from `../node_modules/react-native-image-crop-picker`)
  - RNReanimated (from `../node_modules/react-native-reanimated`)
  - RNScreens (from `../node_modules/react-native-screens`)
  - yoga (from `../node_modules/react-native/ReactCommon/yoga`)

SPEC REPOS:
  trunk:
    - AppAuth
    - boost-for-react-native
    - FBSDKCoreKit
    - FBSDKLoginKit
    - FBSDKShareKit
    - Firebase
    - FirebaseAnalytics
    - FirebaseAnalyticsInterop
    - FirebaseAuth
    - FirebaseAuthInterop
    - FirebaseCore
    - FirebaseCoreDiagnostics
    - FirebaseCoreDiagnosticsInterop
    - FirebaseInstanceID
    - FirebaseMessaging
    - GoogleAppMeasurement
    - GoogleDataTransport
    - GoogleDataTransportCCTSupport
    - GoogleSignIn
    - GoogleUtilities
    - GTMAppAuth
    - GTMSessionFetcher
    - nanopb
    - Protobuf
    - QBImagePickerController
    - RSKImageCropper
    - YoutubePlayer-in-WKWebView

EXTERNAL SOURCES:
  DoubleConversion:
    :podspec: "../node_modules/react-native/third-party-podspecs/DoubleConversion.podspec"
  Folly:
    :podspec: "../node_modules/react-native/third-party-podspecs/Folly.podspec"
  glog:
    :podspec: "../node_modules/react-native/third-party-podspecs/glog.podspec"
  RCTYouTube:
    :path: "../node_modules/react-native-youtube"
  React:
    :path: "../node_modules/react-native/"
  React-Core:
    :path: "../node_modules/react-native/React"
  React-cxxreact:
    :path: "../node_modules/react-native/ReactCommon/cxxreact"
  React-DevSupport:
    :path: "../node_modules/react-native/React"
  React-fishhook:
    :path: "../node_modules/react-native/Libraries/fishhook"
  React-jsi:
    :path: "../node_modules/react-native/ReactCommon/jsi"
  React-jsiexecutor:
    :path: "../node_modules/react-native/ReactCommon/jsiexecutor"
  React-jsinspector:
    :path: "../node_modules/react-native/ReactCommon/jsinspector"
  react-native-fbsdk:
    :path: "../node_modules/react-native-fbsdk"
  react-native-geolocation:
    :path: "../node_modules/@react-native-community/geolocation"
  react-native-image-resizer:
    :path: "../node_modules/react-native-image-resizer"
  react-native-maps:
    :path: "../node_modules/react-native-maps"
  react-native-video:
    :path: "../node_modules/react-native-video"
  react-native-webview:
    :path: "../node_modules/react-native-webview"
  React-RCTActionSheet:
    :path: "../node_modules/react-native/Libraries/ActionSheetIOS"
  React-RCTAnimation:
    :path: "../node_modules/react-native/Libraries/NativeAnimation"
  React-RCTBlob:
    :path: "../node_modules/react-native/Libraries/Blob"
  React-RCTImage:
    :path: "../node_modules/react-native/Libraries/Image"
  React-RCTLinking:
    :path: "../node_modules/react-native/Libraries/LinkingIOS"
  React-RCTNetwork:
    :path: "../node_modules/react-native/Libraries/Network"
  React-RCTSettings:
    :path: "../node_modules/react-native/Libraries/Settings"
  React-RCTText:
    :path: "../node_modules/react-native/Libraries/Text"
  React-RCTVibration:
    :path: "../node_modules/react-native/Libraries/Vibration"
  React-RCTWebSocket:
    :path: "../node_modules/react-native/Libraries/WebSocket"
  rn-fetch-blob:
    :path: "../node_modules/rn-fetch-blob"
  RNAudioRecorderPlayer:
    :path: "../node_modules/react-native-audio-recorder-player"
  RNCAsyncStorage:
    :path: "../node_modules/@react-native-community/async-storage"
  RNFBApp:
    :path: "../node_modules/@react-native-firebase/app"
  RNFBAuth:
    :path: "../node_modules/@react-native-firebase/auth"
  RNFBMessaging:
    :path: "../node_modules/@react-native-firebase/messaging"
  RNGestureHandler:
    :path: "../node_modules/react-native-gesture-handler"
  RNGoogleSignin:
    :path: "../node_modules/@react-native-community/google-signin"
  RNImageCropPicker:
    :path: "../node_modules/react-native-image-crop-picker"
  RNReanimated:
    :path: "../node_modules/react-native-reanimated"
  RNScreens:
    :path: "../node_modules/react-native-screens"
  yoga:
    :path: "../node_modules/react-native/ReactCommon/yoga"

SPEC CHECKSUMS:
  AppAuth: 73574f3013a1e65b9601a3ddc8b3158cce68c09d
  boost-for-react-native: 39c7adb57c4e60d6c5479dd8623128eb5b3f0f2c
  DoubleConversion: 5805e889d232975c086db112ece9ed034df7a0b2
  FBSDKCoreKit: 5aada61a229054694810f3cee231f986004b3c49
  FBSDKLoginKit: 0e4572e0279e477103b57978e3ea05fac1dd673d
  FBSDKShareKit: 2b4435ecb134e2af8a636524e43b7813e3d60a0b
  Firebase: 9cbe4e5b5eaafa05dc932be58b7c8c3820d71e88
  FirebaseAnalytics: 843c7f64a8f9c79f0d03281197ebe7bb1d58d477
  FirebaseAnalyticsInterop: d48b6ab67bcf016a05e55b71fc39c61c0cb6b7f3
  FirebaseAuth: e7f86c2dfc57281cd01f7da5e4b40e01e4510a4a
  FirebaseAuthInterop: 0ffa57668be100582bb7643d4fcb7615496c41fc
  FirebaseCore: e9d9bd1dae61c1e82bc1e0e617a9d832392086a0
  FirebaseCoreDiagnostics: 511f4f3ed7d440bb69127e8b97c2bc8befae639e
  FirebaseCoreDiagnosticsInterop: e9b1b023157e3a2fc6418b5cb601e79b9af7b3a0
  FirebaseInstanceID: ebd2ea79ee38db0cb5f5167b17a0d387e1cc7b6e
  FirebaseMessaging: e8d71368a5c579083da02203146c953f3386d503
  Folly: 30e7936e1c45c08d884aa59369ed951a8e68cf51
  glog: 1f3da668190260b06b429bb211bfbee5cd790c28
  GoogleAppMeasurement: 86a82f0e1f20b8eedf8e20326530138fd71409de
  GoogleDataTransport: 8e9b210c97d55fbff306cc5468ff91b9cb32dcf5
  GoogleDataTransportCCTSupport: ef79a4728b864946a8aafdbab770d5294faf3b5f
  GoogleSignIn: 7137d297ddc022a7e0aa4619c86d72c909fa7213
  GoogleUtilities: 547a86735c6f0ee30ad17e94df4fc21f616b71cb
  GTMAppAuth: 4deac854479704f348309e7b66189e604cf5e01e
  GTMSessionFetcher: 43b8b64263023d4f32caa0b40f4c8bfa3c5f36d8
  nanopb: 18003b5e52dab79db540fe93fe9579f399bd1ccd
  Protobuf: a4dc852ad69c027ca2166ed287b856697814375b
  QBImagePickerController: d54cf93db6decf26baf6ed3472f336ef35cae022
  RCTYouTube: 5e94bfa005371c41d307f3f93c51b3e8eabfb0c8
  React: 4b3c068e793e96672dcd186a2b572fac43e4b031
  React-Core: 3dc86b22920597f813c62a96db3165950b64826b
  React-cxxreact: 0dacb291e59b81e7c3f22a2118bee853ba8a60d2
  React-DevSupport: 4eb4135386acd10c2586cc9c759bf96b4dac035e
  React-fishhook: 86ca737527bb9d860efbb943c11c729a5b69aa3d
  React-jsi: 8e128c4d0d8febc2977ef617d1c09bb54326069c
  React-jsiexecutor: 7a3554f703a58963ec80b860144ea0f0e9b910e1
  React-jsinspector: d4ed52225912efe0019bb7f1a225aec20f23049a
  react-native-fbsdk: 45e28bbab3e905cbc635c0bdd3444b372e933ae9
  react-native-geolocation: cbd9d6bd06bac411eed2671810f454d4908484a8
  react-native-image-resizer: 9dfb844937574db849fd18a56d8e6c607b0a31d8
  react-native-maps: 6e499eee4eabf422ba8b6f94e993cc768bf35153
  react-native-video: 961749da457e73bf0b5565edfbaffc25abfb8974
  react-native-webview: cbd813cfde97f2e47c3a77bf03a23c1441bd84ec
  React-RCTActionSheet: b27ff3cf3a68f917c46d2b94abf938b625b96570
  React-RCTAnimation: 9e4708e5bd65fca8285ce7c0aa076f3f4fa5c2f8
  React-RCTBlob: 6eafcc3a24f33785692a7be24918ade607bc8719
  React-RCTImage: 46b965d7225b428ea11580ead08a4318aef1d6be
  React-RCTLinking: d65b9f56cf0b8e171575a86764df7bb019ac28d6
  React-RCTNetwork: 783ee2f430740e58f724e46adc79fe7feff64202
  React-RCTSettings: aa28315aadfbfaf94206d865673ae509f1e97c07
  React-RCTText: 685fca2e13b024271048e7e247ef24476f28a41e
  React-RCTVibration: 4ee1cf208ab17a50fafb1c16ffe28fe594a64e4f
  React-RCTWebSocket: fca087d583724aa0e5fef7d911f0f2a28d0f2736
  rn-fetch-blob: f525a73a78df9ed5d35e67ea65e79d53c15255bc
  RNAudioRecorderPlayer: ad2dd78ab2c98e24a8daecbbb923771a1d441721
  RNCAsyncStorage: 5ae4d57458804e99f73d427214442a6b10a53856
  RNFBApp: 5dd12fdb688ddd25aa756d8cd2780abaadf15709
  RNFBAuth: 7011c2d87c84bac55b5feb414cf1b0b92169f4b9
  RNFBMessaging: f47ff44a2d40958fecdb19f113a7f9d1985799d2
  RNGestureHandler: 4cb47a93019c1a201df2644413a0a1569a51c8aa
  RNGoogleSignin: 39336070b35fc4cea6a98cf111e00480317be0ae
  RNImageCropPicker: e1d8c3381e5b05a1bdcd13ea57a4f1c020a09cef
  RNReanimated: 6abbbae2e5e72609d85aabd92a982a94566885f1
  RNScreens: 84be1a2369a580beb2fea0755cc62ef16b83fffe
  RSKImageCropper: a446db0e8444a036b34f3c43db01b2373baa4b2a
  yoga: 616fde658be980aa60a2158835170f3f9c2d04b4
  YoutubePlayer-in-WKWebView: af2f5929fc78882d94bfdfeea999b661b78d9717

PODFILE CHECKSUM: 1929fa5c9617007b930321e737cdeb61142e649d

COCOAPODS: 1.8.4
